// !$*UTF8*$!
{
	archiveVersion = 1;
	classes = {
	};
	objectVersion = 46;
	objects = {

/* Begin PBXBuildFile section */
		1F9B35BE1E8FE32900196321 /* AppDelegate.swift in Sources */ = {isa = PBXBuildFile; fileRef = 1F9B35BD1E8FE32900196321 /* AppDelegate.swift */; };
		1F9B35C31E8FE32900196321 /* Main.storyboard in Resources */ = {isa = PBXBuildFile; fileRef = 1F9B35C11E8FE32900196321 /* Main.storyboard */; };
		1F9B35C51E8FE32900196321 /* Assets.xcassets in Resources */ = {isa = PBXBuildFile; fileRef = 1F9B35C41E8FE32900196321 /* Assets.xcassets */; };
		1F9B35C81E8FE32900196321 /* LaunchScreen.storyboard in Resources */ = {isa = PBXBuildFile; fileRef = 1F9B35C61E8FE32900196321 /* LaunchScreen.storyboard */; };
		1F9B35D11E8FE36C00196321 /* InputViewController.swift in Sources */ = {isa = PBXBuildFile; fileRef = 1F9B35CF1E8FE36C00196321 /* InputViewController.swift */; };
		1F9B35D21E8FE36C00196321 /* InputViewController.xib in Resources */ = {isa = PBXBuildFile; fileRef = 1F9B35D01E8FE36C00196321 /* InputViewController.xib */; };
		1F9B35D51E8FE52400196321 /* ResultsViewController.swift in Sources */ = {isa = PBXBuildFile; fileRef = 1F9B35D31E8FE52400196321 /* ResultsViewController.swift */; };
		1F9B35D61E8FE52400196321 /* ResultsViewController.xib in Resources */ = {isa = PBXBuildFile; fileRef = 1F9B35D41E8FE52400196321 /* ResultsViewController.xib */; };
		1F9B35D81E8FF22D00196321 /* ShamirAbonent.swift in Sources */ = {isa = PBXBuildFile; fileRef = 1F9B35D71E8FF22D00196321 /* ShamirAbonent.swift */; };
/* End PBXBuildFile section */

/* Begin PBXFileReference section */
		1F9B35BA1E8FE32900196321 /* Shamir.app */ = {isa = PBXFileReference; explicitFileType = wrapper.application; includeInIndex = 0; path = Shamir.app; sourceTree = BUILT_PRODUCTS_DIR; };
		1F9B35BD1E8FE32900196321 /* AppDelegate.swift */ = {isa = PBXFileReference; lastKnownFileType = sourcecode.swift; path = AppDelegate.swift; sourceTree = "<group>"; };
		1F9B35C21E8FE32900196321 /* Base */ = {isa = PBXFileReference; lastKnownFileType = file.storyboard; name = Base; path = Base.lproj/Main.storyboard; sourceTree = "<group>"; };
		1F9B35C41E8FE32900196321 /* Assets.xcassets */ = {isa = PBXFileReference; lastKnownFileType = folder.assetcatalog; path = Assets.xcassets; sourceTree = "<group>"; };
		1F9B35C71E8FE32900196321 /* Base */ = {isa = PBXFileReference; lastKnownFileType = file.storyboard; name = Base; path = Base.lproj/LaunchScreen.storyboard; sourceTree = "<group>"; };
		1F9B35C91E8FE32900196321 /* Info.plist */ = {isa = PBXFileReference; lastKnownFileType = text.plist.xml; path = Info.plist; sourceTree = "<group>"; };
		1F9B35CF1E8FE36C00196321 /* InputViewController.swift */ = {isa = PBXFileReference; fileEncoding = 4; lastKnownFileType = sourcecode.swift; path = InputViewController.swift; sourceTree = "<group>"; };
		1F9B35D01E8FE36C00196321 /* InputViewController.xib */ = {isa = PBXFileReference; fileEncoding = 4; lastKnownFileType = file.xib; path = InputViewController.xib; sourceTree = "<group>"; };
		1F9B35D31E8FE52400196321 /* ResultsViewController.swift */ = {isa = PBXFileReference; fileEncoding = 4; lastKnownFileType = sourcecode.swift; path = ResultsViewController.swift; sourceTree = "<group>"; };
		1F9B35D41E8FE52400196321 /* ResultsViewController.xib */ = {isa = PBXFileReference; fileEncoding = 4; lastKnownFileType = file.xib; path = ResultsViewController.xib; sourceTree = "<group>"; };
		1F9B35D71E8FF22D00196321 /* ShamirAbonent.swift */ = {isa = PBXFileReference; fileEncoding = 4; lastKnownFileType = sourcecode.swift; path = ShamirAbonent.swift; sourceTree = "<group>"; };
/* End PBXFileReference section */

/* Begin PBXFrameworksBuildPhase section */
		1F9B35B71E8FE32900196321 /* Frameworks */ = {
			isa = PBXFrameworksBuildPhase;
			buildActionMask = 2147483647;
			files = (
			);
			runOnlyForDeploymentPostprocessing = 0;
		};
/* End PBXFrameworksBuildPhase section */

/* Begin PBXGroup section */
		1F9B35B11E8FE32900196321 = {
			isa = PBXGroup;
			children = (
				1F9B35BC1E8FE32900196321 /* Shamir */,
				1F9B35BB1E8FE32900196321 /* Products */,
			);
			sourceTree = "<group>";
		};
		1F9B35BB1E8FE32900196321 /* Products */ = {
			isa = PBXGroup;
			children = (
				1F9B35BA1E8FE32900196321 /* Shamir.app */,
			);
			name = Products;
			sourceTree = "<group>";
		};
		1F9B35BC1E8FE32900196321 /* Shamir */ = {
			isa = PBXGroup;
			children = (
				1F9B35BD1E8FE32900196321 /* AppDelegate.swift */,
				1F9B35C11E8FE32900196321 /* Main.storyboard */,
				1F9B35C41E8FE32900196321 /* Assets.xcassets */,
				1F9B35C61E8FE32900196321 /* LaunchScreen.storyboard */,
				1F9B35C91E8FE32900196321 /* Info.plist */,
				1F9B35CF1E8FE36C00196321 /* InputViewController.swift */,
				1F9B35D01E8FE36C00196321 /* InputViewController.xib */,
				1F9B35D31E8FE52400196321 /* ResultsViewController.swift */,
				1F9B35D41E8FE52400196321 /* ResultsViewController.xib */,
				1F9B35D71E8FF22D00196321 /* ShamirAbonent.swift */,
			);
			path = Shamir;
			sourceTree = "<group>";
		};
/* End PBXGroup section */

/* Begin PBXNativeTarget section */
		1F9B35B91E8FE32900196321 /* Shamir */ = {
			isa = PBXNativeTarget;
			buildConfigurationList = 1F9B35CC1E8FE32900196321 /* Build configuration list for PBXNativeTarget "Shamir" */;
			buildPhases = (
				1F9B35B61E8FE32900196321 /* Sources */,
				1F9B35B71E8FE32900196321 /* Frameworks */,
				1F9B35B81E8FE32900196321 /* Resources */,
			);
			buildRules = (
			);
			dependencies = (
			);
			name = Shamir;
			productName = Shamir;
			productReference = 1F9B35BA1E8FE32900196321 /* Shamir.app */;
			productType = "com.apple.product-type.application";
		};
/* End PBXNativeTarget section */

/* Begin PBXProject section */
		1F9B35B21E8FE32900196321 /* Project object */ = {
			isa = PBXProject;
			attributes = {
				LastSwiftUpdateCheck = 0830;
				LastUpgradeCheck = 0830;
				ORGANIZATIONNAME = IceRockDev;
				TargetAttributes = {
					1F9B35B91E8FE32900196321 = {
						CreatedOnToolsVersion = 8.3;
						DevelopmentTeam = Z5R2JEMGS2;
						ProvisioningStyle = Automatic;
					};
				};
			};
			buildConfigurationList = 1F9B35B51E8FE32900196321 /* Build configuration list for PBXProject "Shamir" */;
			compatibilityVersion = "Xcode 3.2";
			developmentRegion = English;
			hasScannedForEncodings = 0;
			knownRegions = (
				en,
				Base,
			);
			mainGroup = 1F9B35B11E8FE32900196321;
			productRefGroup = 1F9B35BB1E8FE32900196321 /* Products */;
			projectDirPath = "";
			projectRoot = "";
			targets = (
				1F9B35B91E8FE32900196321 /* Shamir */,
			);
		};
/* End PBXProject section */

/* Begin PBXResourcesBuildPhase section */
		1F9B35B81E8FE32900196321 /* Resources */ = {
			isa = PBXResourcesBuildPhase;
			buildActionMask = 2147483647;
			files = (
				1F9B35C81E8FE32900196321 /* LaunchScreen.storyboard in Resources */,
				1F9B35C51E8FE32900196321 /* Assets.xcassets in Resources */,
				1F9B35D61E8FE52400196321 /* ResultsViewController.xib in Resources */,
				1F9B35C31E8FE32900196321 /* Main.storyboard in Resources */,
				1F9B35D21E8FE36C00196321 /* InputViewController.xib in Resources */,
			);
			runOnlyForDeploymentPostprocessing = 0;
		};
/* End PBXResourcesBuildPhase section */

/* Begin PBXSourcesBuildPhase section */
		1F9B35B61E8FE32900196321 /* Sources */ = {
			isa = PBXSourcesBuildPhase;
			buildActionMask = 2147483647;
			files = (
				1F9B35BE1E8FE32900196321 /* AppDelegate.swift in Sources */,
				1F9B35D81E8FF22D00196321 /* ShamirAbonent.swift in Sources */,
				1F9B35D11E8FE36C00196321 /* InputViewController.swift in Sources */,
				1F9B35D51E8FE52400196321 /* ResultsViewController.swift in Sources */,
			);
			runOnlyForDeploymentPostprocessing = 0;
		};
/* End PBXSourcesBuildPhase section */

/* Begin PBXVariantGroup section */
		1F9B35C11E8FE32900196321 /* Main.storyboard */ = {
			isa = PBXVariantGroup;
			children = (
				1F9B35C21E8FE32900196321 /* Base */,
			);
			name = Main.storyboard;
			sourceTree = "<group>";
		};
		1F9B35C61E8FE32900196321 /* LaunchScreen.storyboard */ = {
			isa = PBXVariantGroup;
			children = (
				1F9B35C71E8FE32900196321 /* Base */,
			);
			name = LaunchScreen.storyboard;
			sourceTree = "<group>";
		};
/* End PBXVariantGroup section */

/* Begin XCBuildConfiguration section */
		1F9B35CA1E8FE32900196321 /* Debug */ = {
			isa = XCBuildConfiguration;
			buildSettings = {
				ALWAYS_SEARCH_USER_PATHS = NO;
				CLANG_ANALYZER_NONNULL = YES;
				CLANG_ANALYZER_NUMBER_OBJECT_CONVERSION = YES_AGGRESSIVE;
				CLANG_CXX_LANGUAGE_STANDARD = "gnu++0x";
				CLANG_CXX_LIBRARY = "libc++";
				CLANG_ENABLE_MODULES = YES;
				CLANG_ENABLE_OBJC_ARC = YES;
				CLANG_WARN_BOOL_CONVERSION = YES;
				CLANG_WARN_CONSTANT_CONVERSION = YES;
				CLANG_WARN_DIRECT_OBJC_ISA_USAGE = YES_ERROR;
				CLANG_WARN_DOCUMENTATION_COMMENTS = YES;
				CLANG_WARN_EMPTY_BODY = YES;
				CLANG_WARN_ENUM_CONVERSION = YES;
				CLANG_WARN_INFINITE_RECURSION = YES;
				CLANG_WARN_INT_CONVERSION = YES;
				CLANG_WARN_OBJC_ROOT_CLASS = YES_ERROR;
				CLANG_WARN_SUSPICIOUS_MOVE = YES;
				CLANG_WARN_UNREACHABLE_CODE = YES;
				CLANG_WARN__DUPLICATE_METHOD_MATCH = YES;
				"CODE_SIGN_IDENTITY[sdk=iphoneos*]" = "iPhone Developer";
				COPY_PHASE_STRIP = NO;
				DEBUG_INFORMATION_FORMAT = dwarf;
				ENABLE_STRICT_OBJC_MSGSEND = YES;
				ENABLE_TESTABILITY = YES;
				GCC_C_LANGUAGE_STANDARD = gnu99;
				GCC_DYNAMIC_NO_PIC = NO;
				GCC_NO_COMMON_BLOCKS = YES;
				GCC_OPTIMIZATION_LEVEL = 0;
				GCC_PREPROCESSOR_DEFINITIONS = (
					"DEBUG=1",
					"$(inherited)",
				);
				GCC_WARN_64_TO_32_BIT_CONVERSION = YES;
				GCC_WARN_ABOUT_RETURN_TYPE = YES_ERROR;
				GCC_WARN_UNDECLARED_SELECTOR = YES;
				GCC_WARN_UNINITIALIZED_AUTOS = YES_AGGRESSIVE;
				GCC_WARN_UNUSED_FUNCTION = YES;
				GCC_WARN_UNUSED_VARIABLE = YES;
				IPHONEOS_DEPLOYMENT_TARGET = 10.3;
				MTL_ENABLE_DEBUG_INFO = YES;
				ONLY_ACTIVE_ARCH = YES;
				SDKROOT = iphoneos;
				SWIFT_ACTIVE_COMPILATION_CONDITIONS = DEBUG;
				SWIFT_OPTIMIZATION_LEVEL = "-Onone";
			};
			name = Debug;
		};
		1F9B35CB1E8FE32900196321 /* Release */ = {
			isa = XCBuildConfiguration;
			buildSettings = {
				ALWAYS_SEARCH_USER_PATHS = NO;
				CLANG_ANALYZER_NONNULL = YES;
				CLANG_ANALYZER_NUMBER_OBJECT_CONVERSION = YES_AGGRESSIVE;
				CLANG_CXX_LANGUAGE_STANDARD = "gnu++0x";
				CLANG_CXX_LIBRARY = "libc++";
				CLANG_ENABLE_MODULES = YES;
				CLANG_ENABLE_OBJC_ARC = YES;
				CLANG_WARN_BOOL_CONVERSION = YES;
				CLANG_WARN_CONSTANT_CONVERSION = YES;
				CLANG_WARN_DIRECT_OBJC_ISA_USAGE = YES_ERROR;
				CLANG_WARN_DOCUMENTATION_COMMENTS = YES;
				CLANG_WARN_EMPTY_BODY = YES;
				CLANG_WARN_ENUM_CONVERSION = YES;
				CLANG_WARN_INFINITE_RECURSION = YES;
				CLANG_WARN_INT_CONVERSION = YES;
				CLANG_WARN_OBJC_ROOT_CLASS = YES_ERROR;
				CLANG_WARN_SUSPICIOUS_MOVE = YES;
				CLANG_WARN_UNREACHABLE_CODE = YES;
				CLANG_WARN__DUPLICATE_METHOD_MATCH = YES;
				"CODE_SIGN_IDENTITY[sdk=iphoneos*]" = "iPhone Developer";
				COPY_PHASE_STRIP = NO;
				DEBUG_INFORMATION_FORMAT = "dwarf-with-dsym";
				ENABLE_NS_ASSERTIONS = NO;
				ENABLE_STRICT_OBJC_MSGSEND = YES;
				GCC_C_LANGUAGE_STANDARD = gnu99;
				GCC_NO_COMMON_BLOCKS = YES;
				GCC_WARN_64_TO_32_BIT_CONVERSION = YES;
				GCC_WARN_ABOUT_RETURN_TYPE = YES_ERROR;
				GCC_WARN_UNDECLARED_SELECTOR = YES;
				GCC_WARN_UNINITIALIZED_AUTOS = YES_AGGRESSIVE;
				GCC_WARN_UNUSED_FUNCTION = YES;
				GCC_WARN_UNUSED_VARIABLE = YES;
				IPHONEOS_DEPLOYMENT_TARGET = 10.3;
				MTL_ENABLE_DEBUG_INFO = NO;
				SDKROOT = iphoneos;
				SWIFT_OPTIMIZATION_LEVEL = "-Owholemodule";
				VALIDATE_PRODUCT = YES;
			};
			name = Release;
		};
		1F9B35CD1E8FE32900196321 /* Debug */ = {
			isa = XCBuildConfiguration;
			buildSettings = {
				ASSETCATALOG_COMPILER_APPICON_NAME = AppIcon;
				DEVELOPMENT_TEAM = Z5R2JEMGS2;
				INFOPLIST_FILE = Shamir/Info.plist;
				LD_RUNPATH_SEARCH_PATHS = "$(inherited) @executable_path/Frameworks";
				PRODUCT_BUNDLE_IDENTIFIER = IceRockDev.Shamir;
				PRODUCT_NAME = "$(TARGET_NAME)";
				SWIFT_VERSION = 3.0;
			};
			name = Debug;
		};
		1F9B35CE1E8FE32900196321 /* Release */ = {
			isa = XCBuildConfiguration;
			buildSettings = {
				ASSETCATALOG_COMPILER_APPICON_NAME = AppIcon;
				DEVELOPMENT_TEAM = Z5R2JEMGS2;
				INFOPLIST_FILE = Shamir/Info.plist;
				LD_RUNPATH_SEARCH_PATHS = "$(inherited) @executable_path/Frameworks";
				PRODUCT_BUNDLE_IDENTIFIER = IceRockDev.Shamir;
				PRODUCT_NAME = "$(TARGET_NAME)";
				SWIFT_VERSION = 3.0;
			};
			name = Release;
		};
/* End XCBuildConfiguration section */

/* Begin XCConfigurationList section */
		1F9B35B51E8FE32900196321 /* Build configuration list for PBXProject "Shamir" */ = {
			isa = XCConfigurationList;
			buildConfigurations = (
				1F9B35CA1E8FE32900196321 /* Debug */,
				1F9B35CB1E8FE32900196321 /* Release */,
			);
			defaultConfigurationIsVisible = 0;
			defaultConfigurationName = Release;
		};
		1F9B35CC1E8FE32900196321 /* Build configuration list for PBXNativeTarget "Shamir" */ = {
			isa = XCConfigurationList;
			buildConfigurations = (
				1F9B35CD1E8FE32900196321 /* Debug */,
				1F9B35CE1E8FE32900196321 /* Release */,
			);
			defaultConfigurationIsVisible = 0;
		};
/* End XCConfigurationList section */
	};
	rootObject = 1F9B35B21E8FE32900196321 /* Project object */;
}
